// !$*UTF8*$!
{
	archiveVersion = 1;
	classes = {
	};
	objectVersion = 55;
	objects = {

/* Begin PBXBuildFile section */
		5EB67D6A286361890099A097 /* AppDelegate.swift in Sources */ = {isa = PBXBuildFile; fileRef = 5EB67D69286361890099A097 /* AppDelegate.swift */; };
		5EB67D6C286361890099A097 /* SceneDelegate.swift in Sources */ = {isa = PBXBuildFile; fileRef = 5EB67D6B286361890099A097 /* SceneDelegate.swift */; };
		5EB67D6E286361890099A097 /* ViewController.swift in Sources */ = {isa = PBXBuildFile; fileRef = 5EB67D6D286361890099A097 /* ViewController.swift */; };
		5EB67D71286361890099A097 /* Main.storyboard in Resources */ = {isa = PBXBuildFile; fileRef = 5EB67D6F286361890099A097 /* Main.storyboard */; };
		5EB67D732863618B0099A097 /* Assets.xcassets in Resources */ = {isa = PBXBuildFile; fileRef = 5EB67D722863618B0099A097 /* Assets.xcassets */; };
		5EB67D762863618B0099A097 /* LaunchScreen.storyboard in Resources */ = {isa = PBXBuildFile; fileRef = 5EB67D742863618B0099A097 /* LaunchScreen.storyboard */; };
		5EB67D812863618B0099A097 /* LocationTrackerTests.swift in Sources */ = {isa = PBXBuildFile; fileRef = 5EB67D802863618B0099A097 /* LocationTrackerTests.swift */; };
		5EB67D8B2863618B0099A097 /* LocationTrackerUITests.swift in Sources */ = {isa = PBXBuildFile; fileRef = 5EB67D8A2863618B0099A097 /* LocationTrackerUITests.swift */; };
		5EB67D8D2863618B0099A097 /* LocationTrackerUITestsLaunchTests.swift in Sources */ = {isa = PBXBuildFile; fileRef = 5EB67D8C2863618B0099A097 /* LocationTrackerUITestsLaunchTests.swift */; };
		5EB67D9A286362140099A097 /* ViewController.xib in Resources */ = {isa = PBXBuildFile; fileRef = 5EB67D99286362140099A097 /* ViewController.xib */; };
		5EC51AC8286DE57000B3F9BF /* TimerManager.swift in Sources */ = {isa = PBXBuildFile; fileRef = 5EC51AC7286DE57000B3F9BF /* TimerManager.swift */; };
		5EC51ACA286DECA200B3F9BF /* LocationManager.swift in Sources */ = {isa = PBXBuildFile; fileRef = 5EC51AC9286DECA200B3F9BF /* LocationManager.swift */; };
/* End PBXBuildFile section */

/* Begin PBXContainerItemProxy section */
		5EB67D7D2863618B0099A097 /* PBXContainerItemProxy */ = {
			isa = PBXContainerItemProxy;
			containerPortal = 5EB67D5E286361890099A097 /* Project object */;
			proxyType = 1;
			remoteGlobalIDString = 5EB67D65286361890099A097;
			remoteInfo = LocationTracker;
		};
		5EB67D872863618B0099A097 /* PBXContainerItemProxy */ = {
			isa = PBXContainerItemProxy;
			containerPortal = 5EB67D5E286361890099A097 /* Project object */;
			proxyType = 1;
			remoteGlobalIDString = 5EB67D65286361890099A097;
			remoteInfo = LocationTracker;
		};
/* End PBXContainerItemProxy section */

/* Begin PBXFileReference section */
		5EB67D66286361890099A097 /* LocationTracker.app */ = {isa = PBXFileReference; explicitFileType = wrapper.application; includeInIndex = 0; path = LocationTracker.app; sourceTree = BUILT_PRODUCTS_DIR; };
		5EB67D69286361890099A097 /* AppDelegate.swift */ = {isa = PBXFileReference; lastKnownFileType = sourcecode.swift; path = AppDelegate.swift; sourceTree = "<group>"; };
		5EB67D6B286361890099A097 /* SceneDelegate.swift */ = {isa = PBXFileReference; lastKnownFileType = sourcecode.swift; path = SceneDelegate.swift; sourceTree = "<group>"; };
		5EB67D6D286361890099A097 /* ViewController.swift */ = {isa = PBXFileReference; lastKnownFileType = sourcecode.swift; path = ViewController.swift; sourceTree = "<group>"; };
		5EB67D70286361890099A097 /* Base */ = {isa = PBXFileReference; lastKnownFileType = file.storyboard; name = Base; path = Base.lproj/Main.storyboard; sourceTree = "<group>"; };
		5EB67D722863618B0099A097 /* Assets.xcassets */ = {isa = PBXFileReference; lastKnownFileType = folder.assetcatalog; path = Assets.xcassets; sourceTree = "<group>"; };
		5EB67D752863618B0099A097 /* Base */ = {isa = PBXFileReference; lastKnownFileType = file.storyboard; name = Base; path = Base.lproj/LaunchScreen.storyboard; sourceTree = "<group>"; };
		5EB67D772863618B0099A097 /* Info.plist */ = {isa = PBXFileReference; lastKnownFileType = text.plist.xml; path = Info.plist; sourceTree = "<group>"; };
		5EB67D7C2863618B0099A097 /* LocationTrackerTests.xctest */ = {isa = PBXFileReference; explicitFileType = wrapper.cfbundle; includeInIndex = 0; path = LocationTrackerTests.xctest; sourceTree = BUILT_PRODUCTS_DIR; };
		5EB67D802863618B0099A097 /* LocationTrackerTests.swift */ = {isa = PBXFileReference; lastKnownFileType = sourcecode.swift; path = LocationTrackerTests.swift; sourceTree = "<group>"; };
		5EB67D862863618B0099A097 /* LocationTrackerUITests.xctest */ = {isa = PBXFileReference; explicitFileType = wrapper.cfbundle; includeInIndex = 0; path = LocationTrackerUITests.xctest; sourceTree = BUILT_PRODUCTS_DIR; };
		5EB67D8A2863618B0099A097 /* LocationTrackerUITests.swift */ = {isa = PBXFileReference; lastKnownFileType = sourcecode.swift; path = LocationTrackerUITests.swift; sourceTree = "<group>"; };
		5EB67D8C2863618B0099A097 /* LocationTrackerUITestsLaunchTests.swift */ = {isa = PBXFileReference; lastKnownFileType = sourcecode.swift; path = LocationTrackerUITestsLaunchTests.swift; sourceTree = "<group>"; };
		5EB67D99286362140099A097 /* ViewController.xib */ = {isa = PBXFileReference; lastKnownFileType = file.xib; path = ViewController.xib; sourceTree = "<group>"; };
		5EC51AC7286DE57000B3F9BF /* TimerManager.swift */ = {isa = PBXFileReference; lastKnownFileType = sourcecode.swift; path = TimerManager.swift; sourceTree = "<group>"; };
		5EC51AC9286DECA200B3F9BF /* LocationManager.swift */ = {isa = PBXFileReference; lastKnownFileType = sourcecode.swift; path = LocationManager.swift; sourceTree = "<group>"; };
/* End PBXFileReference section */

/* Begin PBXFrameworksBuildPhase section */
		5EB67D63286361890099A097 /* Frameworks */ = {
			isa = PBXFrameworksBuildPhase;
			buildActionMask = 2147483647;
			files = (
			);
			runOnlyForDeploymentPostprocessing = 0;
		};
		5EB67D792863618B0099A097 /* Frameworks */ = {
			isa = PBXFrameworksBuildPhase;
			buildActionMask = 2147483647;
			files = (
			);
			runOnlyForDeploymentPostprocessing = 0;
		};
		5EB67D832863618B0099A097 /* Frameworks */ = {
			isa = PBXFrameworksBuildPhase;
			buildActionMask = 2147483647;
			files = (
			);
			runOnlyForDeploymentPostprocessing = 0;
		};
/* End PBXFrameworksBuildPhase section */

/* Begin PBXGroup section */
		5EB67D5D286361890099A097 = {
			isa = PBXGroup;
			children = (
				5EB67D68286361890099A097 /* LocationTracker */,
				5EB67D7F2863618B0099A097 /* LocationTrackerTests */,
				5EB67D892863618B0099A097 /* LocationTrackerUITests */,
				5EB67D67286361890099A097 /* Products */,
			);
			sourceTree = "<group>";
		};
		5EB67D67286361890099A097 /* Products */ = {
			isa = PBXGroup;
			children = (
				5EB67D66286361890099A097 /* LocationTracker.app */,
				5EB67D7C2863618B0099A097 /* LocationTrackerTests.xctest */,
				5EB67D862863618B0099A097 /* LocationTrackerUITests.xctest */,
			);
			name = Products;
			sourceTree = "<group>";
		};
		5EB67D68286361890099A097 /* LocationTracker */ = {
			isa = PBXGroup;
			children = (
				5EC51AC6286DE54F00B3F9BF /* Manager */,
				5EB67D69286361890099A097 /* AppDelegate.swift */,
				5EB67D6B286361890099A097 /* SceneDelegate.swift */,
				5EB67D6D286361890099A097 /* ViewController.swift */,
				5EB67D99286362140099A097 /* ViewController.xib */,
				5EB67D6F286361890099A097 /* Main.storyboard */,
				5EB67D722863618B0099A097 /* Assets.xcassets */,
				5EB67D742863618B0099A097 /* LaunchScreen.storyboard */,
				5EB67D772863618B0099A097 /* Info.plist */,
			);
			path = LocationTracker;
			sourceTree = "<group>";
		};
		5EB67D7F2863618B0099A097 /* LocationTrackerTests */ = {
			isa = PBXGroup;
			children = (
				5EB67D802863618B0099A097 /* LocationTrackerTests.swift */,
			);
			path = LocationTrackerTests;
			sourceTree = "<group>";
		};
		5EB67D892863618B0099A097 /* LocationTrackerUITests */ = {
			isa = PBXGroup;
			children = (
				5EB67D8A2863618B0099A097 /* LocationTrackerUITests.swift */,
				5EB67D8C2863618B0099A097 /* LocationTrackerUITestsLaunchTests.swift */,
			);
			path = LocationTrackerUITests;
			sourceTree = "<group>";
		};
		5EC51AC6286DE54F00B3F9BF /* Manager */ = {
			isa = PBXGroup;
			children = (
				5EC51AC7286DE57000B3F9BF /* TimerManager.swift */,
				5EC51AC9286DECA200B3F9BF /* LocationManager.swift */,
			);
			path = Manager;
			sourceTree = "<group>";
		};
/* End PBXGroup section */

/* Begin PBXNativeTarget section */
		5EB67D65286361890099A097 /* LocationTracker */ = {
			isa = PBXNativeTarget;
			buildConfigurationList = 5EB67D902863618B0099A097 /* Build configuration list for PBXNativeTarget "LocationTracker" */;
			buildPhases = (
				5EB67D62286361890099A097 /* Sources */,
				5EB67D63286361890099A097 /* Frameworks */,
				5EB67D64286361890099A097 /* Resources */,
			);
			buildRules = (
			);
			dependencies = (
			);
			name = LocationTracker;
			productName = LocationTracker;
			productReference = 5EB67D66286361890099A097 /* LocationTracker.app */;
			productType = "com.apple.product-type.application";
		};
		5EB67D7B2863618B0099A097 /* LocationTrackerTests */ = {
			isa = PBXNativeTarget;
			buildConfigurationList = 5EB67D932863618B0099A097 /* Build configuration list for PBXNativeTarget "LocationTrackerTests" */;
			buildPhases = (
				5EB67D782863618B0099A097 /* Sources */,
				5EB67D792863618B0099A097 /* Frameworks */,
				5EB67D7A2863618B0099A097 /* Resources */,
			);
			buildRules = (
			);
			dependencies = (
				5EB67D7E2863618B0099A097 /* PBXTargetDependency */,
			);
			name = LocationTrackerTests;
			productName = LocationTrackerTests;
			productReference = 5EB67D7C2863618B0099A097 /* LocationTrackerTests.xctest */;
			productType = "com.apple.product-type.bundle.unit-test";
		};
		5EB67D852863618B0099A097 /* LocationTrackerUITests */ = {
			isa = PBXNativeTarget;
			buildConfigurationList = 5EB67D962863618B0099A097 /* Build configuration list for PBXNativeTarget "LocationTrackerUITests" */;
			buildPhases = (
				5EB67D822863618B0099A097 /* Sources */,
				5EB67D832863618B0099A097 /* Frameworks */,
				5EB67D842863618B0099A097 /* Resources */,
			);
			buildRules = (
			);
			dependencies = (
				5EB67D882863618B0099A097 /* PBXTargetDependency */,
			);
			name = LocationTrackerUITests;
			productName = LocationTrackerUITests;
			productReference = 5EB67D862863618B0099A097 /* LocationTrackerUITests.xctest */;
			productType = "com.apple.product-type.bundle.ui-testing";
		};
/* End PBXNativeTarget section */

/* Begin PBXProject section */
		5EB67D5E286361890099A097 /* Project object */ = {
			isa = PBXProject;
			attributes = {
				BuildIndependentTargetsInParallel = 1;
				LastSwiftUpdateCheck = 1340;
				LastUpgradeCheck = 1340;
				TargetAttributes = {
					5EB67D65286361890099A097 = {
						CreatedOnToolsVersion = 13.4.1;
					};
					5EB67D7B2863618B0099A097 = {
						CreatedOnToolsVersion = 13.4.1;
						TestTargetID = 5EB67D65286361890099A097;
					};
					5EB67D852863618B0099A097 = {
						CreatedOnToolsVersion = 13.4.1;
						TestTargetID = 5EB67D65286361890099A097;
					};
				};
			};
			buildConfigurationList = 5EB67D61286361890099A097 /* Build configuration list for PBXProject "LocationTracker" */;
			compatibilityVersion = "Xcode 13.0";
			developmentRegion = en;
			hasScannedForEncodings = 0;
			knownRegions = (
				en,
				Base,
			);
			mainGroup = 5EB67D5D286361890099A097;
			productRefGroup = 5EB67D67286361890099A097 /* Products */;
			projectDirPath = "";
			projectRoot = "";
			targets = (
				5EB67D65286361890099A097 /* LocationTracker */,
				5EB67D7B2863618B0099A097 /* LocationTrackerTests */,
				5EB67D852863618B0099A097 /* LocationTrackerUITests */,
			);
		};
/* End PBXProject section */

/* Begin PBXResourcesBuildPhase section */
		5EB67D64286361890099A097 /* Resources */ = {
			isa = PBXResourcesBuildPhase;
			buildActionMask = 2147483647;
			files = (
				5EB67D762863618B0099A097 /* LaunchScreen.storyboard in Resources */,
				5EB67D732863618B0099A097 /* Assets.xcassets in Resources */,
				5EB67D9A286362140099A097 /* ViewController.xib in Resources */,
				5EB67D71286361890099A097 /* Main.storyboard in Resources */,
			);
			runOnlyForDeploymentPostprocessing = 0;
		};
		5EB67D7A2863618B0099A097 /* Resources */ = {
			isa = PBXResourcesBuildPhase;
			buildActionMask = 2147483647;
			files = (
			);
			runOnlyForDeploymentPostprocessing = 0;
		};
		5EB67D842863618B0099A097 /* Resources */ = {
			isa = PBXResourcesBuildPhase;
			buildActionMask = 2147483647;
			files = (
			);
			runOnlyForDeploymentPostprocessing = 0;
		};
/* End PBXResourcesBuildPhase section */

/* Begin PBXSourcesBuildPhase section */
		5EB67D62286361890099A097 /* Sources */ = {
			isa = PBXSourcesBuildPhase;
			buildActionMask = 2147483647;
			files = (
				5EB67D6E286361890099A097 /* ViewController.swift in Sources */,
				5EC51AC8286DE57000B3F9BF /* TimerManager.swift in Sources */,
				5EC51ACA286DECA200B3F9BF /* LocationManager.swift in Sources */,
				5EB67D6A286361890099A097 /* AppDelegate.swift in Sources */,
				5EB67D6C286361890099A097 /* SceneDelegate.swift in Sources */,
			);
			runOnlyForDeploymentPostprocessing = 0;
		};
		5EB67D782863618B0099A097 /* Sources */ = {
			isa = PBXSourcesBuildPhase;
			buildActionMask = 2147483647;
			files = (
				5EB67D812863618B0099A097 /* LocationTrackerTests.swift in Sources */,
			);
			runOnlyForDeploymentPostprocessing = 0;
		};
		5EB67D822863618B0099A097 /* Sources */ = {
			isa = PBXSourcesBuildPhase;
			buildActionMask = 2147483647;
			files = (
				5EB67D8D2863618B0099A097 /* LocationTrackerUITestsLaunchTests.swift in Sources */,
				5EB67D8B2863618B0099A097 /* LocationTrackerUITests.swift in Sources */,
			);
			runOnlyForDeploymentPostprocessing = 0;
		};
/* End PBXSourcesBuildPhase section */

/* Begin PBXTargetDependency section */
		5EB67D7E2863618B0099A097 /* PBXTargetDependency */ = {
			isa = PBXTargetDependency;
			target = 5EB67D65286361890099A097 /* LocationTracker */;
			targetProxy = 5EB67D7D2863618B0099A097 /* PBXContainerItemProxy */;
		};
		5EB67D882863618B0099A097 /* PBXTargetDependency */ = {
			isa = PBXTargetDependency;
			target = 5EB67D65286361890099A097 /* LocationTracker */;
			targetProxy = 5EB67D872863618B0099A097 /* PBXContainerItemProxy */;
		};
/* End PBXTargetDependency section */

/* Begin PBXVariantGroup section */
		5EB67D6F286361890099A097 /* Main.storyboard */ = {
			isa = PBXVariantGroup;
			children = (
				5EB67D70286361890099A097 /* Base */,
			);
			name = Main.storyboard;
			sourceTree = "<group>";
		};
		5EB67D742863618B0099A097 /* LaunchScreen.storyboard */ = {
			isa = PBXVariantGroup;
			children = (
				5EB67D752863618B0099A097 /* Base */,
			);
			name = LaunchScreen.storyboard;
			sourceTree = "<group>";
		};
/* End PBXVariantGroup section */

/* Begin XCBuildConfiguration section */
		5EB67D8E2863618B0099A097 /* Debug */ = {
			isa = XCBuildConfiguration;
			buildSettings = {
				ALWAYS_SEARCH_USER_PATHS = NO;
				CLANG_ANALYZER_NONNULL = YES;
				CLANG_ANALYZER_NUMBER_OBJECT_CONVERSION = YES_AGGRESSIVE;
				CLANG_CXX_LANGUAGE_STANDARD = "gnu++17";
				CLANG_ENABLE_MODULES = YES;
				CLANG_ENABLE_OBJC_ARC = YES;
				CLANG_ENABLE_OBJC_WEAK = YES;
				CLANG_WARN_BLOCK_CAPTURE_AUTORELEASING = YES;
				CLANG_WARN_BOOL_CONVERSION = YES;
				CLANG_WARN_COMMA = YES;
				CLANG_WARN_CONSTANT_CONVERSION = YES;
				CLANG_WARN_DEPRECATED_OBJC_IMPLEMENTATIONS = YES;
				CLANG_WARN_DIRECT_OBJC_ISA_USAGE = YES_ERROR;
				CLANG_WARN_DOCUMENTATION_COMMENTS = YES;
				CLANG_WARN_EMPTY_BODY = YES;
				CLANG_WARN_ENUM_CONVERSION = YES;
				CLANG_WARN_INFINITE_RECURSION = YES;
				CLANG_WARN_INT_CONVERSION = YES;
				CLANG_WARN_NON_LITERAL_NULL_CONVERSION = YES;
				CLANG_WARN_OBJC_IMPLICIT_RETAIN_SELF = YES;
				CLANG_WARN_OBJC_LITERAL_CONVERSION = YES;
				CLANG_WARN_OBJC_ROOT_CLASS = YES_ERROR;
				CLANG_WARN_QUOTED_INCLUDE_IN_FRAMEWORK_HEADER = YES;
				CLANG_WARN_RANGE_LOOP_ANALYSIS = YES;
				CLANG_WARN_STRICT_PROTOTYPES = YES;
				CLANG_WARN_SUSPICIOUS_MOVE = YES;
				CLANG_WARN_UNGUARDED_AVAILABILITY = YES_AGGRESSIVE;
				CLANG_WARN_UNREACHABLE_CODE = YES;
				CLANG_WARN__DUPLICATE_METHOD_MATCH = YES;
				COPY_PHASE_STRIP = NO;
				DEBUG_INFORMATION_FORMAT = dwarf;
				ENABLE_STRICT_OBJC_MSGSEND = YES;
				ENABLE_TESTABILITY = YES;
				GCC_C_LANGUAGE_STANDARD = gnu11;
				GCC_DYNAMIC_NO_PIC = NO;
				GCC_NO_COMMON_BLOCKS = YES;
				GCC_OPTIMIZATION_LEVEL = 0;
				GCC_PREPROCESSOR_DEFINITIONS = (
					"DEBUG=1",
					"$(inherited)",
				);
				GCC_WARN_64_TO_32_BIT_CONVERSION = YES;
				GCC_WARN_ABOUT_RETURN_TYPE = YES_ERROR;
				GCC_WARN_UNDECLARED_SELECTOR = YES;
				GCC_WARN_UNINITIALIZED_AUTOS = YES_AGGRESSIVE;
				GCC_WARN_UNUSED_FUNCTION = YES;
				GCC_WARN_UNUSED_VARIABLE = YES;
				IPHONEOS_DEPLOYMENT_TARGET = 15.5;
				MTL_ENABLE_DEBUG_INFO = INCLUDE_SOURCE;
				MTL_FAST_MATH = YES;
				ONLY_ACTIVE_ARCH = YES;
				SDKROOT = iphoneos;
				SWIFT_ACTIVE_COMPILATION_CONDITIONS = DEBUG;
				SWIFT_OPTIMIZATION_LEVEL = "-Onone";
			};
			name = Debug;
		};
		5EB67D8F2863618B0099A097 /* Release */ = {
			isa = XCBuildConfiguration;
			buildSettings = {
				ALWAYS_SEARCH_USER_PATHS = NO;
				CLANG_ANALYZER_NONNULL = YES;
				CLANG_ANALYZER_NUMBER_OBJECT_CONVERSION = YES_AGGRESSIVE;
				CLANG_CXX_LANGUAGE_STANDARD = "gnu++17";
				CLANG_ENABLE_MODULES = YES;
				CLANG_ENABLE_OBJC_ARC = YES;
				CLANG_ENABLE_OBJC_WEAK = YES;
				CLANG_WARN_BLOCK_CAPTURE_AUTORELEASING = YES;
				CLANG_WARN_BOOL_CONVERSION = YES;
				CLANG_WARN_COMMA = YES;
				CLANG_WARN_CONSTANT_CONVERSION = YES;
				CLANG_WARN_DEPRECATED_OBJC_IMPLEMENTATIONS = YES;
				CLANG_WARN_DIRECT_OBJC_ISA_USAGE = YES_ERROR;
				CLANG_WARN_DOCUMENTATION_COMMENTS = YES;
				CLANG_WARN_EMPTY_BODY = YES;
				CLANG_WARN_ENUM_CONVERSION = YES;
				CLANG_WARN_INFINITE_RECURSION = YES;
				CLANG_WARN_INT_CONVERSION = YES;
				CLANG_WARN_NON_LITERAL_NULL_CONVERSION = YES;
				CLANG_WARN_OBJC_IMPLICIT_RETAIN_SELF = YES;
				CLANG_WARN_OBJC_LITERAL_CONVERSION = YES;
				CLANG_WARN_OBJC_ROOT_CLASS = YES_ERROR;
				CLANG_WARN_QUOTED_INCLUDE_IN_FRAMEWORK_HEADER = YES;
				CLANG_WARN_RANGE_LOOP_ANALYSIS = YES;
				CLANG_WARN_STRICT_PROTOTYPES = YES;
				CLANG_WARN_SUSPICIOUS_MOVE = YES;
				CLANG_WARN_UNGUARDED_AVAILABILITY = YES_AGGRESSIVE;
				CLANG_WARN_UNREACHABLE_CODE = YES;
				CLANG_WARN__DUPLICATE_METHOD_MATCH = YES;
				COPY_PHASE_STRIP = NO;
				DEBUG_INFORMATION_FORMAT = "dwarf-with-dsym";
				ENABLE_NS_ASSERTIONS = NO;
				ENABLE_STRICT_OBJC_MSGSEND = YES;
				GCC_C_LANGUAGE_STANDARD = gnu11;
				GCC_NO_COMMON_BLOCKS = YES;
				GCC_WARN_64_TO_32_BIT_CONVERSION = YES;
				GCC_WARN_ABOUT_RETURN_TYPE = YES_ERROR;
				GCC_WARN_UNDECLARED_SELECTOR = YES;
				GCC_WARN_UNINITIALIZED_AUTOS = YES_AGGRESSIVE;
				GCC_WARN_UNUSED_FUNCTION = YES;
				GCC_WARN_UNUSED_VARIABLE = YES;
				IPHONEOS_DEPLOYMENT_TARGET = 15.5;
				MTL_ENABLE_DEBUG_INFO = NO;
				MTL_FAST_MATH = YES;
				SDKROOT = iphoneos;
				SWIFT_COMPILATION_MODE = wholemodule;
				SWIFT_OPTIMIZATION_LEVEL = "-O";
				VALIDATE_PRODUCT = YES;
			};
			name = Release;
		};
		5EB67D912863618B0099A097 /* Debug */ = {
			isa = XCBuildConfiguration;
			buildSettings = {
				ASSETCATALOG_COMPILER_APPICON_NAME = AppIcon;
				ASSETCATALOG_COMPILER_GLOBAL_ACCENT_COLOR_NAME = AccentColor;
				CODE_SIGN_STYLE = Automatic;
				CURRENT_PROJECT_VERSION = 1;
				GENERATE_INFOPLIST_FILE = YES;
				INFOPLIST_FILE = LocationTracker/Info.plist;
				INFOPLIST_KEY_UIApplicationSupportsIndirectInputEvents = YES;
				INFOPLIST_KEY_UILaunchStoryboardName = LaunchScreen;
				INFOPLIST_KEY_UISupportedInterfaceOrientations_iPad = "UIInterfaceOrientationPortrait UIInterfaceOrientationPortraitUpsideDown UIInterfaceOrientationLandscapeLeft UIInterfaceOrientationLandscapeRight";
				INFOPLIST_KEY_UISupportedInterfaceOrientations_iPhone = "UIInterfaceOrientationPortrait UIInterfaceOrientationLandscapeLeft UIInterfaceOrientationLandscapeRight";
				LD_RUNPATH_SEARCH_PATHS = (
					"$(inherited)",
					"@executable_path/Frameworks",
				);
				MARKETING_VERSION = 1.0;
				PRODUCT_BUNDLE_IDENTIFIER = com.dev.mamun.LocationTracker;
				PRODUCT_NAME = "$(TARGET_NAME)";
				SWIFT_EMIT_LOC_STRINGS = YES;
				SWIFT_VERSION = 5.0;
				TARGETED_DEVICE_FAMILY = "1,2";
			};
			name = Debug;
		};
		5EB67D922863618B0099A097 /* Release */ = {
			isa = XCBuildConfiguration;
			buildSettings = {
				ASSETCATALOG_COMPILER_APPICON_NAME = AppIcon;
				ASSETCATALOG_COMPILER_GLOBAL_ACCENT_COLOR_NAME = AccentColor;
				CODE_SIGN_STYLE = Automatic;
				CURRENT_PROJECT_VERSION = 1;
				GENERATE_INFOPLIST_FILE = YES;
				INFOPLIST_FILE = LocationTracker/Info.plist;
				INFOPLIST_KEY_UIApplicationSupportsIndirectInputEvents = YES;
				INFOPLIST_KEY_UILaunchStoryboardName = LaunchScreen;
				INFOPLIST_KEY_UISupportedInterfaceOrientations_iPad = "UIInterfaceOrientationPortrait UIInterfaceOrientationPortraitUpsideDown UIInterfaceOrientationLandscapeLeft UIInterfaceOrientationLandscapeRight";
				INFOPLIST_KEY_UISupportedInterfaceOrientations_iPhone = "UIInterfaceOrientationPortrait UIInterfaceOrientationLandscapeLeft UIInterfaceOrientationLandscapeRight";
				LD_RUNPATH_SEARCH_PATHS = (
					"$(inherited)",
					"@executable_path/Frameworks",
				);
				MARKETING_VERSION = 1.0;
				PRODUCT_BUNDLE_IDENTIFIER = com.dev.mamun.LocationTracker;
				PRODUCT_NAME = "$(TARGET_NAME)";
				SWIFT_EMIT_LOC_STRINGS = YES;
				SWIFT_VERSION = 5.0;
				TARGETED_DEVICE_FAMILY = "1,2";
			};
			name = Release;
		};
		5EB67D942863618B0099A097 /* Debug */ = {
			isa = XCBuildConfiguration;
			buildSettings = {
				ALWAYS_EMBED_SWIFT_STANDARD_LIBRARIES = YES;
				BUNDLE_LOADER = "$(TEST_HOST)";
				CODE_SIGN_STYLE = Automatic;
				CURRENT_PROJECT_VERSION = 1;
				GENERATE_INFOPLIST_FILE = YES;
				IPHONEOS_DEPLOYMENT_TARGET = 15.5;
				MARKETING_VERSION = 1.0;
				PRODUCT_BUNDLE_IDENTIFIER = com.dev.mamun.LocationTrackerTests;
				PRODUCT_NAME = "$(TARGET_NAME)";
				SWIFT_EMIT_LOC_STRINGS = NO;
				SWIFT_VERSION = 5.0;
				TARGETED_DEVICE_FAMILY = "1,2";
				TEST_HOST = "$(BUILT_PRODUCTS_DIR)/LocationTracker.app/LocationTracker";
			};
			name = Debug;
		};
		5EB67D952863618B0099A097 /* Release */ = {
			isa = XCBuildConfiguration;
			buildSettings = {
				ALWAYS_EMBED_SWIFT_STANDARD_LIBRARIES = YES;
				BUNDLE_LOADER = "$(TEST_HOST)";
				CODE_SIGN_STYLE = Automatic;
				CURRENT_PROJECT_VERSION = 1;
				GENERATE_INFOPLIST_FILE = YES;
				IPHONEOS_DEPLOYMENT_TARGET = 15.5;
				MARKETING_VERSION = 1.0;
				PRODUCT_BUNDLE_IDENTIFIER = com.dev.mamun.LocationTrackerTests;
				PRODUCT_NAME = "$(TARGET_NAME)";
				SWIFT_EMIT_LOC_STRINGS = NO;
				SWIFT_VERSION = 5.0;
				TARGETED_DEVICE_FAMILY = "1,2";
				TEST_HOST = "$(BUILT_PRODUCTS_DIR)/LocationTracker.app/LocationTracker";
			};
			name = Release;
		};
		5EB67D972863618B0099A097 /* Debug */ = {
			isa = XCBuildConfiguration;
			buildSettings = {
				ALWAYS_EMBED_SWIFT_STANDARD_LIBRARIES = YES;
				CODE_SIGN_STYLE = Automatic;
				CURRENT_PROJECT_VERSION = 1;
				GENERATE_INFOPLIST_FILE = YES;
				MARKETING_VERSION = 1.0;
				PRODUCT_BUNDLE_IDENTIFIER = com.dev.mamun.LocationTrackerUITests;
				PRODUCT_NAME = "$(TARGET_NAME)";
				SWIFT_EMIT_LOC_STRINGS = NO;
				SWIFT_VERSION = 5.0;
				TARGETED_DEVICE_FAMILY = "1,2";
				TEST_TARGET_NAME = LocationTracker;
			};
			name = Debug;
		};
		5EB67D982863618B0099A097 /* Release */ = {
			isa = XCBuildConfiguration;
			buildSettings = {
				ALWAYS_EMBED_SWIFT_STANDARD_LIBRARIES = YES;
				CODE_SIGN_STYLE = Automatic;
				CURRENT_PROJECT_VERSION = 1;
				GENERATE_INFOPLIST_FILE = YES;
				MARKETING_VERSION = 1.0;
				PRODUCT_BUNDLE_IDENTIFIER = com.dev.mamun.LocationTrackerUITests;
				PRODUCT_NAME = "$(TARGET_NAME)";
				SWIFT_EMIT_LOC_STRINGS = NO;
				SWIFT_VERSION = 5.0;
				TARGETED_DEVICE_FAMILY = "1,2";
				TEST_TARGET_NAME = LocationTracker;
			};
			name = Release;
		};
/* End XCBuildConfiguration section */

/* Begin XCConfigurationList section */
		5EB67D61286361890099A097 /* Build configuration list for PBXProject "LocationTracker" */ = {
			isa = XCConfigurationList;
			buildConfigurations = (
				5EB67D8E2863618B0099A097 /* Debug */,
				5EB67D8F2863618B0099A097 /* Release */,
			);
			defaultConfigurationIsVisible = 0;
			defaultConfigurationName = Release;
		};
		5EB67D902863618B0099A097 /* Build configuration list for PBXNativeTarget "LocationTracker" */ = {
			isa = XCConfigurationList;
			buildConfigurations = (
				5EB67D912863618B0099A097 /* Debug */,
				5EB67D922863618B0099A097 /* Release */,
			);
			defaultConfigurationIsVisible = 0;
			defaultConfigurationName = Release;
		};
		5EB67D932863618B0099A097 /* Build configuration list for PBXNativeTarget "LocationTrackerTests" */ = {
			isa = XCConfigurationList;
			buildConfigurations = (
				5EB67D942863618B0099A097 /* Debug */,
				5EB67D952863618B0099A097 /* Release */,
			);
			defaultConfigurationIsVisible = 0;
			defaultConfigurationName = Release;
		};
		5EB67D962863618B0099A097 /* Build configuration list for PBXNativeTarget "LocationTrackerUITests" */ = {
			isa = XCConfigurationList;
			buildConfigurations = (
				5EB67D972863618B0099A097 /* Debug */,
				5EB67D982863618B0099A097 /* Release */,
			);
			defaultConfigurationIsVisible = 0;
			defaultConfigurationName = Release;
		};
/* End XCConfigurationList section */
	};
	rootObject = 5EB67D5E286361890099A097 /* Project object */;
}
